
Microsoft Visual Studio Solution File, Format Version 12.00
# Visual Studio Version 17
VisualStudioVersion = 17.10.35122.118
MinimumVisualStudioVersion = 10.0.40219.1
Project("{9A19103F-16F7-4668-BE54-9A1E7A4F7556}") = "zity", "zity\zity.csproj", "{5BD41BB7-0728-41E6-A33E-A1A3B0482525}"
EndProject
Project("{9A19103F-16F7-4668-BE54-9A1E7A4F7556}") = "WebApi", "WebApi\WebApi.csproj", "{C0A347E8-3488-49BE-BE4D-16AB246BEEB5}"
	ProjectSection(ProjectDependencies) = postProject
		{1FA86CFB-B94A-499E-A0C6-6BB6952D6D7E} = {1FA86CFB-B94A-499E-A0C6-6BB6952D6D7E}
		{2C4E7538-7F4E-4DAA-9CAD-47E91C3EDC97} = {2C4E7538-7F4E-4DAA-9CAD-47E91C3EDC97}
		{C361D8DA-60B8-4DAD-9DC6-94EE23379A1C} = {C361D8DA-60B8-4DAD-9DC6-94EE23379A1C}
	EndProjectSection
EndProject
Project("{9A19103F-16F7-4668-BE54-9A1E7A4F7556}") = "Infrastructure", "Infrastructure\Infrastructure.csproj", "{1FA86CFB-B94A-499E-A0C6-6BB6952D6D7E}"
	ProjectSection(ProjectDependencies) = postProject
		{2C4E7538-7F4E-4DAA-9CAD-47E91C3EDC97} = {2C4E7538-7F4E-4DAA-9CAD-47E91C3EDC97}
		{C361D8DA-60B8-4DAD-9DC6-94EE23379A1C} = {C361D8DA-60B8-4DAD-9DC6-94EE23379A1C}
	EndProjectSection
EndProject
Project("{9A19103F-16F7-4668-BE54-9A1E7A4F7556}") = "Domain", "Domain\Domain.csproj", "{C361D8DA-60B8-4DAD-9DC6-94EE23379A1C}"
EndProject
Project("{9A19103F-16F7-4668-BE54-9A1E7A4F7556}") = "Application", "Application\Application.csproj", "{2C4E7538-7F4E-4DAA-9CAD-47E91C3EDC97}"
	ProjectSection(ProjectDependencies) = postProject
		{C361D8DA-60B8-4DAD-9DC6-94EE23379A1C} = {C361D8DA-60B8-4DAD-9DC6-94EE23379A1C}
	EndProjectSection
EndProject
Project("{2150E333-8FDC-42A3-9474-1A3956D46DE8}") = "Zity.Application", "Zity.Application", "{D74B47F7-6610-4B49-98EB-965F7C7B9765}"
EndProject
Project("{2150E333-8FDC-42A3-9474-1A3956D46DE8}") = "Zity.Domain", "Zity.Domain", "{EBBE078F-92AF-4B93-9F0B-E38969BC6D97}"
EndProject
Project("{2150E333-8FDC-42A3-9474-1A3956D46DE8}") = "Zity.WebApi", "Zity.WebApi", "{CB6F0283-C76B-44D8-8DA3-1C94C1A65C2C}"
EndProject
Project("{2150E333-8FDC-42A3-9474-1A3956D46DE8}") = "Zity.Infrastructure", "Zity.Infrastructure", "{4288D604-1438-4ED7-B363-4AF9B23B6BA8}"
EndProject
Project("{FAE04EC0-301F-11D3-BF4B-00C04F79EFBC}") = "Survey.WebApi", "Survey.WebApi\Survey.WebApi.csproj", "{A13EAB35-2EC0-4682-8872-61DE5FDC3D3C}"
	ProjectSection(ProjectDependencies) = postProject
		{C49E4F7D-3A4B-46C9-9084-EA7E66ED7927} = {C49E4F7D-3A4B-46C9-9084-EA7E66ED7927}
		{CA898CC5-290F-4CD9-8B4C-FC12EC8B7104} = {CA898CC5-290F-4CD9-8B4C-FC12EC8B7104}
		{DED23354-5C9F-4309-93CD-2350CD4F0F11} = {DED23354-5C9F-4309-93CD-2350CD4F0F11}
	EndProjectSection
EndProject
Project("{FAE04EC0-301F-11D3-BF4B-00C04F79EFBC}") = "Survey.Infrastructure", "Survey.Infrastructure\Survey.Infrastructure.csproj", "{C49E4F7D-3A4B-46C9-9084-EA7E66ED7927}"
	ProjectSection(ProjectDependencies) = postProject
		{CA898CC5-290F-4CD9-8B4C-FC12EC8B7104} = {CA898CC5-290F-4CD9-8B4C-FC12EC8B7104}
		{DED23354-5C9F-4309-93CD-2350CD4F0F11} = {DED23354-5C9F-4309-93CD-2350CD4F0F11}
	EndProjectSection
EndProject
Project("{FAE04EC0-301F-11D3-BF4B-00C04F79EFBC}") = "Survey.Domain", "Survey.Domain\Survey.Domain.csproj", "{CA898CC5-290F-4CD9-8B4C-FC12EC8B7104}"
EndProject
Project("{FAE04EC0-301F-11D3-BF4B-00C04F79EFBC}") = "Survey.Application", "Survey.Application\Survey.Application.csproj", "{DED23354-5C9F-4309-93CD-2350CD4F0F11}"
	ProjectSection(ProjectDependencies) = postProject
		{CA898CC5-290F-4CD9-8B4C-FC12EC8B7104} = {CA898CC5-290F-4CD9-8B4C-FC12EC8B7104}
	EndProjectSection
EndProject
Global
	GlobalSection(SolutionConfigurationPlatforms) = preSolution
		Debug|Any CPU = Debug|Any CPU
		Release|Any CPU = Release|Any CPU
	EndGlobalSection
	GlobalSection(ProjectConfigurationPlatforms) = postSolution
		{5BD41BB7-0728-41E6-A33E-A1A3B0482525}.Debug|Any CPU.ActiveCfg = Debug|Any CPU
		{5BD41BB7-0728-41E6-A33E-A1A3B0482525}.Debug|Any CPU.Build.0 = Debug|Any CPU
		{5BD41BB7-0728-41E6-A33E-A1A3B0482525}.Release|Any CPU.ActiveCfg = Release|Any CPU
		{5BD41BB7-0728-41E6-A33E-A1A3B0482525}.Release|Any CPU.Build.0 = Release|Any CPU
		{C0A347E8-3488-49BE-BE4D-16AB246BEEB5}.Debug|Any CPU.ActiveCfg = Debug|Any CPU
		{C0A347E8-3488-49BE-BE4D-16AB246BEEB5}.Debug|Any CPU.Build.0 = Debug|Any CPU
		{C0A347E8-3488-49BE-BE4D-16AB246BEEB5}.Release|Any CPU.ActiveCfg = Release|Any CPU
		{C0A347E8-3488-49BE-BE4D-16AB246BEEB5}.Release|Any CPU.Build.0 = Release|Any CPU
		{1FA86CFB-B94A-499E-A0C6-6BB6952D6D7E}.Debug|Any CPU.ActiveCfg = Debug|Any CPU
		{1FA86CFB-B94A-499E-A0C6-6BB6952D6D7E}.Debug|Any CPU.Build.0 = Debug|Any CPU
		{1FA86CFB-B94A-499E-A0C6-6BB6952D6D7E}.Release|Any CPU.ActiveCfg = Release|Any CPU
		{1FA86CFB-B94A-499E-A0C6-6BB6952D6D7E}.Release|Any CPU.Build.0 = Release|Any CPU
		{C361D8DA-60B8-4DAD-9DC6-94EE23379A1C}.Debug|Any CPU.ActiveCfg = Debug|Any CPU
		{C361D8DA-60B8-4DAD-9DC6-94EE23379A1C}.Debug|Any CPU.Build.0 = Debug|Any CPU
		{C361D8DA-60B8-4DAD-9DC6-94EE23379A1C}.Release|Any CPU.ActiveCfg = Release|Any CPU
		{C361D8DA-60B8-4DAD-9DC6-94EE23379A1C}.Release|Any CPU.Build.0 = Release|Any CPU
		{2C4E7538-7F4E-4DAA-9CAD-47E91C3EDC97}.Debug|Any CPU.ActiveCfg = Debug|Any CPU
		{2C4E7538-7F4E-4DAA-9CAD-47E91C3EDC97}.Debug|Any CPU.Build.0 = Debug|Any CPU
		{2C4E7538-7F4E-4DAA-9CAD-47E91C3EDC97}.Release|Any CPU.ActiveCfg = Release|Any CPU
		{2C4E7538-7F4E-4DAA-9CAD-47E91C3EDC97}.Release|Any CPU.Build.0 = Release|Any CPU
		{A13EAB35-2EC0-4682-8872-61DE5FDC3D3C}.Debug|Any CPU.ActiveCfg = Debug|Any CPU
		{A13EAB35-2EC0-4682-8872-61DE5FDC3D3C}.Debug|Any CPU.Build.0 = Debug|Any CPU
		{A13EAB35-2EC0-4682-8872-61DE5FDC3D3C}.Release|Any CPU.ActiveCfg = Release|Any CPU
		{A13EAB35-2EC0-4682-8872-61DE5FDC3D3C}.Release|Any CPU.Build.0 = Release|Any CPU
		{C49E4F7D-3A4B-46C9-9084-EA7E66ED7927}.Debug|Any CPU.ActiveCfg = Debug|Any CPU
		{C49E4F7D-3A4B-46C9-9084-EA7E66ED7927}.Debug|Any CPU.Build.0 = Debug|Any CPU
		{C49E4F7D-3A4B-46C9-9084-EA7E66ED7927}.Release|Any CPU.ActiveCfg = Release|Any CPU
		{C49E4F7D-3A4B-46C9-9084-EA7E66ED7927}.Release|Any CPU.Build.0 = Release|Any CPU
		{CA898CC5-290F-4CD9-8B4C-FC12EC8B7104}.Debug|Any CPU.ActiveCfg = Debug|Any CPU
		{CA898CC5-290F-4CD9-8B4C-FC12EC8B7104}.Debug|Any CPU.Build.0 = Debug|Any CPU
		{CA898CC5-290F-4CD9-8B4C-FC12EC8B7104}.Release|Any CPU.ActiveCfg = Release|Any CPU
		{CA898CC5-290F-4CD9-8B4C-FC12EC8B7104}.Release|Any CPU.Build.0 = Release|Any CPU
		{DED23354-5C9F-4309-93CD-2350CD4F0F11}.Debug|Any CPU.ActiveCfg = Debug|Any CPU
		{DED23354-5C9F-4309-93CD-2350CD4F0F11}.Debug|Any CPU.Build.0 = Debug|Any CPU
		{DED23354-5C9F-4309-93CD-2350CD4F0F11}.Release|Any CPU.ActiveCfg = Release|Any CPU
		{DED23354-5C9F-4309-93CD-2350CD4F0F11}.Release|Any CPU.Build.0 = Release|Any CPU
	EndGlobalSection
	GlobalSection(SolutionProperties) = preSolution
		HideSolutionNode = FALSE
	EndGlobalSection
	GlobalSection(NestedProjects) = preSolution
		{C0A347E8-3488-49BE-BE4D-16AB246BEEB5} = {CB6F0283-C76B-44D8-8DA3-1C94C1A65C2C}
		{1FA86CFB-B94A-499E-A0C6-6BB6952D6D7E} = {4288D604-1438-4ED7-B363-4AF9B23B6BA8}
		{C361D8DA-60B8-4DAD-9DC6-94EE23379A1C} = {EBBE078F-92AF-4B93-9F0B-E38969BC6D97}
		{2C4E7538-7F4E-4DAA-9CAD-47E91C3EDC97} = {D74B47F7-6610-4B49-98EB-965F7C7B9765}
		{A13EAB35-2EC0-4682-8872-61DE5FDC3D3C} = {CB6F0283-C76B-44D8-8DA3-1C94C1A65C2C}
		{C49E4F7D-3A4B-46C9-9084-EA7E66ED7927} = {4288D604-1438-4ED7-B363-4AF9B23B6BA8}
		{CA898CC5-290F-4CD9-8B4C-FC12EC8B7104} = {EBBE078F-92AF-4B93-9F0B-E38969BC6D97}
		{DED23354-5C9F-4309-93CD-2350CD4F0F11} = {D74B47F7-6610-4B49-98EB-965F7C7B9765}
	EndGlobalSection
	GlobalSection(ExtensibilityGlobals) = postSolution
		SolutionGuid = {4B67C32A-6CF6-444D-957F-2DA01CEA00CD}
	EndGlobalSection
EndGlobal
