
Microsoft Visual Studio Solution File, Format Version 12.00
# Visual Studio Version 17
VisualStudioVersion = 17.10.35122.118
MinimumVisualStudioVersion = 10.0.40219.1
Project("{9A19103F-16F7-4668-BE54-9A1E7A4F7556}") = "WebApi", "WebApi\WebApi.csproj", "{C0A347E8-3488-49BE-BE4D-16AB246BEEB5}"
	ProjectSection(ProjectDependencies) = postProject
		{1FA86CFB-B94A-499E-A0C6-6BB6952D6D7E} = {1FA86CFB-B94A-499E-A0C6-6BB6952D6D7E}
		{2C4E7538-7F4E-4DAA-9CAD-47E91C3EDC97} = {2C4E7538-7F4E-4DAA-9CAD-47E91C3EDC97}
		{C361D8DA-60B8-4DAD-9DC6-94EE23379A1C} = {C361D8DA-60B8-4DAD-9DC6-94EE23379A1C}
	EndProjectSection
EndProject
Project("{9A19103F-16F7-4668-BE54-9A1E7A4F7556}") = "Infrastructure", "Infrastructure\Infrastructure.csproj", "{1FA86CFB-B94A-499E-A0C6-6BB6952D6D7E}"
	ProjectSection(ProjectDependencies) = postProject
		{2C4E7538-7F4E-4DAA-9CAD-47E91C3EDC97} = {2C4E7538-7F4E-4DAA-9CAD-47E91C3EDC97}
		{C361D8DA-60B8-4DAD-9DC6-94EE23379A1C} = {C361D8DA-60B8-4DAD-9DC6-94EE23379A1C}
	EndProjectSection
EndProject
Project("{9A19103F-16F7-4668-BE54-9A1E7A4F7556}") = "Domain", "Domain\Domain.csproj", "{C361D8DA-60B8-4DAD-9DC6-94EE23379A1C}"
EndProject
Project("{9A19103F-16F7-4668-BE54-9A1E7A4F7556}") = "Application", "Application\Application.csproj", "{2C4E7538-7F4E-4DAA-9CAD-47E91C3EDC97}"
	ProjectSection(ProjectDependencies) = postProject
		{C361D8DA-60B8-4DAD-9DC6-94EE23379A1C} = {C361D8DA-60B8-4DAD-9DC6-94EE23379A1C}
	EndProjectSection
EndProject
Project("{9A19103F-16F7-4668-BE54-9A1E7A4F7556}") = "Survey.WebApi", "Survey.WebApi\Survey.WebApi.csproj", "{A13EAB35-2EC0-4682-8872-61DE5FDC3D3C}"
	ProjectSection(ProjectDependencies) = postProject
		{C49E4F7D-3A4B-46C9-9084-EA7E66ED7927} = {C49E4F7D-3A4B-46C9-9084-EA7E66ED7927}
		{CA898CC5-290F-4CD9-8B4C-FC12EC8B7104} = {CA898CC5-290F-4CD9-8B4C-FC12EC8B7104}
		{DED23354-5C9F-4309-93CD-2350CD4F0F11} = {DED23354-5C9F-4309-93CD-2350CD4F0F11}
	EndProjectSection
EndProject
Project("{9A19103F-16F7-4668-BE54-9A1E7A4F7556}") = "Survey.Infrastructure", "Survey.Infrastructure\Survey.Infrastructure.csproj", "{C49E4F7D-3A4B-46C9-9084-EA7E66ED7927}"
	ProjectSection(ProjectDependencies) = postProject
		{CA898CC5-290F-4CD9-8B4C-FC12EC8B7104} = {CA898CC5-290F-4CD9-8B4C-FC12EC8B7104}
		{DED23354-5C9F-4309-93CD-2350CD4F0F11} = {DED23354-5C9F-4309-93CD-2350CD4F0F11}
	EndProjectSection
EndProject
Project("{9A19103F-16F7-4668-BE54-9A1E7A4F7556}") = "Survey.Domain", "Survey.Domain\Survey.Domain.csproj", "{CA898CC5-290F-4CD9-8B4C-FC12EC8B7104}"
EndProject
Project("{9A19103F-16F7-4668-BE54-9A1E7A4F7556}") = "Survey.Application", "Survey.Application\Survey.Application.csproj", "{DED23354-5C9F-4309-93CD-2350CD4F0F11}"
	ProjectSection(ProjectDependencies) = postProject
		{CA898CC5-290F-4CD9-8B4C-FC12EC8B7104} = {CA898CC5-290F-4CD9-8B4C-FC12EC8B7104}
	EndProjectSection
EndProject
Project("{2150E333-8FDC-42A3-9474-1A3956D46DE8}") = "Services", "Services", "{A299BC0A-26C9-4EC5-A0CD-EB7ECC2C676F}"
EndProject
Project("{2150E333-8FDC-42A3-9474-1A3956D46DE8}") = "Survey", "Survey", "{27936E21-87C0-4DF9-B097-CE808DE60677}"
EndProject
Project("{2150E333-8FDC-42A3-9474-1A3956D46DE8}") = "ApiGateway", "ApiGateway", "{C943007A-9251-4250-B10D-E9DC6E323F4D}"
EndProject
Project("{9A19103F-16F7-4668-BE54-9A1E7A4F7556}") = "ApiGateway", "ApiGateway\ApiGateway.csproj", "{2D6B353D-5764-4929-BB0E-4A1C6DBD8735}"
EndProject
Project("{2150E333-8FDC-42A3-9474-1A3956D46DE8}") = "Report", "Report", "{BC3D3B7F-810B-4158-A9FC-5A1A5ED9D029}"
EndProject
Project("{9A19103F-16F7-4668-BE54-9A1E7A4F7556}") = "Report.Domain", "Report.Domain\Report.Domain.csproj", "{B1244C2A-4AB7-4EEE-977E-7642DF6B6520}"
EndProject
Project("{9A19103F-16F7-4668-BE54-9A1E7A4F7556}") = "Report.Application", "Report.Application\Report.Application.csproj", "{7760AABE-8139-4CB7-8361-907E181C92A3}"
EndProject
Project("{9A19103F-16F7-4668-BE54-9A1E7A4F7556}") = "Report.Infrastructure", "Report.Infrastructure\Report.Infrastructure.csproj", "{A72D5E9A-7F85-48FB-B4DE-7195DB6E2CFC}"
EndProject
Project("{9A19103F-16F7-4668-BE54-9A1E7A4F7556}") = "Report.WebApi", "Report.WebApi\Report.WebApi.csproj", "{061975B8-9F8B-4218-8738-CA7E6567D5B9}"
EndProject
Project("{2150E333-8FDC-42A3-9474-1A3956D46DE8}") = "Billing", "Billing", "{B496841A-EF9C-41DC-9BB1-892F81EB6BE6}"
EndProject
Project("{9A19103F-16F7-4668-BE54-9A1E7A4F7556}") = "Billing.Domain", "Billing.Domain\Billing.Domain.csproj", "{220DFE05-C1E9-478A-A6D8-F89856CADC26}"
EndProject
Project("{FAE04EC0-301F-11D3-BF4B-00C04F79EFBC}") = "Billing.Application", "Billing.Application\Billing.Application.csproj", "{A210F8F8-7039-4290-BE08-6DB0D579FA7D}"
EndProject
Global
	GlobalSection(SolutionConfigurationPlatforms) = preSolution
		Debug|Any CPU = Debug|Any CPU
		Release|Any CPU = Release|Any CPU
	EndGlobalSection
	GlobalSection(ProjectConfigurationPlatforms) = postSolution
		{C0A347E8-3488-49BE-BE4D-16AB246BEEB5}.Debug|Any CPU.ActiveCfg = Debug|Any CPU
		{C0A347E8-3488-49BE-BE4D-16AB246BEEB5}.Debug|Any CPU.Build.0 = Debug|Any CPU
		{C0A347E8-3488-49BE-BE4D-16AB246BEEB5}.Release|Any CPU.ActiveCfg = Release|Any CPU
		{C0A347E8-3488-49BE-BE4D-16AB246BEEB5}.Release|Any CPU.Build.0 = Release|Any CPU
		{1FA86CFB-B94A-499E-A0C6-6BB6952D6D7E}.Debug|Any CPU.ActiveCfg = Debug|Any CPU
		{1FA86CFB-B94A-499E-A0C6-6BB6952D6D7E}.Debug|Any CPU.Build.0 = Debug|Any CPU
		{1FA86CFB-B94A-499E-A0C6-6BB6952D6D7E}.Release|Any CPU.ActiveCfg = Release|Any CPU
		{1FA86CFB-B94A-499E-A0C6-6BB6952D6D7E}.Release|Any CPU.Build.0 = Release|Any CPU
		{C361D8DA-60B8-4DAD-9DC6-94EE23379A1C}.Debug|Any CPU.ActiveCfg = Debug|Any CPU
		{C361D8DA-60B8-4DAD-9DC6-94EE23379A1C}.Debug|Any CPU.Build.0 = Debug|Any CPU
		{C361D8DA-60B8-4DAD-9DC6-94EE23379A1C}.Release|Any CPU.ActiveCfg = Release|Any CPU
		{C361D8DA-60B8-4DAD-9DC6-94EE23379A1C}.Release|Any CPU.Build.0 = Release|Any CPU
		{2C4E7538-7F4E-4DAA-9CAD-47E91C3EDC97}.Debug|Any CPU.ActiveCfg = Debug|Any CPU
		{2C4E7538-7F4E-4DAA-9CAD-47E91C3EDC97}.Debug|Any CPU.Build.0 = Debug|Any CPU
		{2C4E7538-7F4E-4DAA-9CAD-47E91C3EDC97}.Release|Any CPU.ActiveCfg = Release|Any CPU
		{2C4E7538-7F4E-4DAA-9CAD-47E91C3EDC97}.Release|Any CPU.Build.0 = Release|Any CPU
		{A13EAB35-2EC0-4682-8872-61DE5FDC3D3C}.Debug|Any CPU.ActiveCfg = Debug|Any CPU
		{A13EAB35-2EC0-4682-8872-61DE5FDC3D3C}.Debug|Any CPU.Build.0 = Debug|Any CPU
		{A13EAB35-2EC0-4682-8872-61DE5FDC3D3C}.Release|Any CPU.ActiveCfg = Release|Any CPU
		{A13EAB35-2EC0-4682-8872-61DE5FDC3D3C}.Release|Any CPU.Build.0 = Release|Any CPU
		{C49E4F7D-3A4B-46C9-9084-EA7E66ED7927}.Debug|Any CPU.ActiveCfg = Debug|Any CPU
		{C49E4F7D-3A4B-46C9-9084-EA7E66ED7927}.Debug|Any CPU.Build.0 = Debug|Any CPU
		{C49E4F7D-3A4B-46C9-9084-EA7E66ED7927}.Release|Any CPU.ActiveCfg = Release|Any CPU
		{C49E4F7D-3A4B-46C9-9084-EA7E66ED7927}.Release|Any CPU.Build.0 = Release|Any CPU
		{CA898CC5-290F-4CD9-8B4C-FC12EC8B7104}.Debug|Any CPU.ActiveCfg = Debug|Any CPU
		{CA898CC5-290F-4CD9-8B4C-FC12EC8B7104}.Debug|Any CPU.Build.0 = Debug|Any CPU
		{CA898CC5-290F-4CD9-8B4C-FC12EC8B7104}.Release|Any CPU.ActiveCfg = Release|Any CPU
		{CA898CC5-290F-4CD9-8B4C-FC12EC8B7104}.Release|Any CPU.Build.0 = Release|Any CPU
		{DED23354-5C9F-4309-93CD-2350CD4F0F11}.Debug|Any CPU.ActiveCfg = Debug|Any CPU
		{DED23354-5C9F-4309-93CD-2350CD4F0F11}.Debug|Any CPU.Build.0 = Debug|Any CPU
		{DED23354-5C9F-4309-93CD-2350CD4F0F11}.Release|Any CPU.ActiveCfg = Release|Any CPU
		{DED23354-5C9F-4309-93CD-2350CD4F0F11}.Release|Any CPU.Build.0 = Release|Any CPU
		{2D6B353D-5764-4929-BB0E-4A1C6DBD8735}.Debug|Any CPU.ActiveCfg = Debug|Any CPU
		{2D6B353D-5764-4929-BB0E-4A1C6DBD8735}.Debug|Any CPU.Build.0 = Debug|Any CPU
		{2D6B353D-5764-4929-BB0E-4A1C6DBD8735}.Release|Any CPU.ActiveCfg = Release|Any CPU
		{2D6B353D-5764-4929-BB0E-4A1C6DBD8735}.Release|Any CPU.Build.0 = Release|Any CPU
		{B1244C2A-4AB7-4EEE-977E-7642DF6B6520}.Debug|Any CPU.ActiveCfg = Debug|Any CPU
		{B1244C2A-4AB7-4EEE-977E-7642DF6B6520}.Debug|Any CPU.Build.0 = Debug|Any CPU
		{B1244C2A-4AB7-4EEE-977E-7642DF6B6520}.Release|Any CPU.ActiveCfg = Release|Any CPU
		{B1244C2A-4AB7-4EEE-977E-7642DF6B6520}.Release|Any CPU.Build.0 = Release|Any CPU
		{7760AABE-8139-4CB7-8361-907E181C92A3}.Debug|Any CPU.ActiveCfg = Debug|Any CPU
		{7760AABE-8139-4CB7-8361-907E181C92A3}.Debug|Any CPU.Build.0 = Debug|Any CPU
		{7760AABE-8139-4CB7-8361-907E181C92A3}.Release|Any CPU.ActiveCfg = Release|Any CPU
		{7760AABE-8139-4CB7-8361-907E181C92A3}.Release|Any CPU.Build.0 = Release|Any CPU
		{A72D5E9A-7F85-48FB-B4DE-7195DB6E2CFC}.Debug|Any CPU.ActiveCfg = Debug|Any CPU
		{A72D5E9A-7F85-48FB-B4DE-7195DB6E2CFC}.Debug|Any CPU.Build.0 = Debug|Any CPU
		{A72D5E9A-7F85-48FB-B4DE-7195DB6E2CFC}.Release|Any CPU.ActiveCfg = Release|Any CPU
		{A72D5E9A-7F85-48FB-B4DE-7195DB6E2CFC}.Release|Any CPU.Build.0 = Release|Any CPU
		{061975B8-9F8B-4218-8738-CA7E6567D5B9}.Debug|Any CPU.ActiveCfg = Debug|Any CPU
		{061975B8-9F8B-4218-8738-CA7E6567D5B9}.Debug|Any CPU.Build.0 = Debug|Any CPU
		{061975B8-9F8B-4218-8738-CA7E6567D5B9}.Release|Any CPU.ActiveCfg = Release|Any CPU
		{061975B8-9F8B-4218-8738-CA7E6567D5B9}.Release|Any CPU.Build.0 = Release|Any CPU
		{220DFE05-C1E9-478A-A6D8-F89856CADC26}.Debug|Any CPU.ActiveCfg = Debug|Any CPU
		{220DFE05-C1E9-478A-A6D8-F89856CADC26}.Debug|Any CPU.Build.0 = Debug|Any CPU
		{220DFE05-C1E9-478A-A6D8-F89856CADC26}.Release|Any CPU.ActiveCfg = Release|Any CPU
		{220DFE05-C1E9-478A-A6D8-F89856CADC26}.Release|Any CPU.Build.0 = Release|Any CPU
		{A210F8F8-7039-4290-BE08-6DB0D579FA7D}.Debug|Any CPU.ActiveCfg = Debug|Any CPU
		{A210F8F8-7039-4290-BE08-6DB0D579FA7D}.Debug|Any CPU.Build.0 = Debug|Any CPU
		{A210F8F8-7039-4290-BE08-6DB0D579FA7D}.Release|Any CPU.ActiveCfg = Release|Any CPU
		{A210F8F8-7039-4290-BE08-6DB0D579FA7D}.Release|Any CPU.Build.0 = Release|Any CPU
	EndGlobalSection
	GlobalSection(SolutionProperties) = preSolution
		HideSolutionNode = FALSE
	EndGlobalSection
	GlobalSection(NestedProjects) = preSolution
		{A13EAB35-2EC0-4682-8872-61DE5FDC3D3C} = {27936E21-87C0-4DF9-B097-CE808DE60677}
		{C49E4F7D-3A4B-46C9-9084-EA7E66ED7927} = {27936E21-87C0-4DF9-B097-CE808DE60677}
		{CA898CC5-290F-4CD9-8B4C-FC12EC8B7104} = {27936E21-87C0-4DF9-B097-CE808DE60677}
		{DED23354-5C9F-4309-93CD-2350CD4F0F11} = {27936E21-87C0-4DF9-B097-CE808DE60677}
		{27936E21-87C0-4DF9-B097-CE808DE60677} = {A299BC0A-26C9-4EC5-A0CD-EB7ECC2C676F}
		{2D6B353D-5764-4929-BB0E-4A1C6DBD8735} = {C943007A-9251-4250-B10D-E9DC6E323F4D}
		{BC3D3B7F-810B-4158-A9FC-5A1A5ED9D029} = {A299BC0A-26C9-4EC5-A0CD-EB7ECC2C676F}
		{B1244C2A-4AB7-4EEE-977E-7642DF6B6520} = {BC3D3B7F-810B-4158-A9FC-5A1A5ED9D029}
		{7760AABE-8139-4CB7-8361-907E181C92A3} = {BC3D3B7F-810B-4158-A9FC-5A1A5ED9D029}
		{A72D5E9A-7F85-48FB-B4DE-7195DB6E2CFC} = {BC3D3B7F-810B-4158-A9FC-5A1A5ED9D029}
		{061975B8-9F8B-4218-8738-CA7E6567D5B9} = {BC3D3B7F-810B-4158-A9FC-5A1A5ED9D029}
		{B496841A-EF9C-41DC-9BB1-892F81EB6BE6} = {A299BC0A-26C9-4EC5-A0CD-EB7ECC2C676F}
		{220DFE05-C1E9-478A-A6D8-F89856CADC26} = {B496841A-EF9C-41DC-9BB1-892F81EB6BE6}
		{A210F8F8-7039-4290-BE08-6DB0D579FA7D} = {B496841A-EF9C-41DC-9BB1-892F81EB6BE6}
	EndGlobalSection
	GlobalSection(ExtensibilityGlobals) = postSolution
		SolutionGuid = {4B67C32A-6CF6-444D-957F-2DA01CEA00CD}
	EndGlobalSection
EndGlobal
